
Microsoft Visual Studio Solution File, Format Version 12.00
# Visual Studio Version 17
VisualStudioVersion = 17.0.32126.317
MinimumVisualStudioVersion = 10.0.40219.1
Project("{2150E333-8FDC-42A3-9474-1A3956D46DE8}") = "src", "src", "{E2E20219-283F-4C94-B544-AF8589CA8044}"
EndProject
Project("{2150E333-8FDC-42A3-9474-1A3956D46DE8}") = "tests", "tests", "{E3E0FD43-CD8B-43BC-9368-A62932BC1058}"
EndProject
Project("{9A19103F-16F7-4668-BE54-9A1E7A4F7556}") = "ProductlineApp.Application", "src\ProductlineApp.Application\ProductlineApp.Application.csproj", "{693E7FF6-AD77-46DB-BC56-705CA5B82781}"
EndProject
Project("{9A19103F-16F7-4668-BE54-9A1E7A4F7556}") = "ProductlineApp.Domain", "src\ProductlineApp.Domain\ProductlineApp.Domain.csproj", "{3F6F7C7E-B8CA-4A59-8C1C-326C9ED33966}"
EndProject
Project("{9A19103F-16F7-4668-BE54-9A1E7A4F7556}") = "ProductlineApp.Infrastructure", "src\ProductlineApp.Infrastructure\ProductlineApp.Infrastructure.csproj", "{89F8E5FB-C5A3-4194-BC32-3CDB1C39476F}"
EndProject
Project("{9A19103F-16F7-4668-BE54-9A1E7A4F7556}") = "ProductlineApp.Shared", "src\ProductlineApp.Shared\ProductlineApp.Shared.csproj", "{29AFCC3B-876F-4E43-B6BF-6E1F904782A2}"
EndProject
Project("{9A19103F-16F7-4668-BE54-9A1E7A4F7556}") = "ProductlineApp.WebUI", "src\ProductlineApp.WebUI\ProductlineApp.WebUI.csproj", "{9E3BA578-223A-4228-80AA-537B953EDE91}"
EndProject
Project("{9A19103F-16F7-4668-BE54-9A1E7A4F7556}") = "ProductlineApp.UnitTests", "tests\ProductlineApp.UnitTests\ProductlineApp.UnitTests.csproj", "{D5C52DD7-75CF-4367-83EB-DA212695A36D}"
EndProject
Project("{2150E333-8FDC-42A3-9474-1A3956D46DE8}") = "solution items", "solution items", "{19DFEF50-6869-4162-AC31-15756BA877B1}"
	ProjectSection(SolutionItems) = preProject
		stylecop.json = stylecop.json
	EndProjectSection
	ProjectSection(FolderGlobals) = preProject
		C_5_4Users_4vasco_4Programming_4Inzynierka_4ProductlineApp_4stylecop_1json__JsonSchema = 
	EndProjectSection
EndProject
Global
	GlobalSection(SolutionConfigurationPlatforms) = preSolution
		Debug|Any CPU = Debug|Any CPU
		Release|Any CPU = Release|Any CPU
	EndGlobalSection
	GlobalSection(ProjectConfigurationPlatforms) = postSolution
		{693E7FF6-AD77-46DB-BC56-705CA5B82781}.Debug|Any CPU.ActiveCfg = Debug|Any CPU
		{693E7FF6-AD77-46DB-BC56-705CA5B82781}.Debug|Any CPU.Build.0 = Debug|Any CPU
		{693E7FF6-AD77-46DB-BC56-705CA5B82781}.Release|Any CPU.ActiveCfg = Release|Any CPU
		{693E7FF6-AD77-46DB-BC56-705CA5B82781}.Release|Any CPU.Build.0 = Release|Any CPU
		{3F6F7C7E-B8CA-4A59-8C1C-326C9ED33966}.Debug|Any CPU.ActiveCfg = Debug|Any CPU
		{3F6F7C7E-B8CA-4A59-8C1C-326C9ED33966}.Debug|Any CPU.Build.0 = Debug|Any CPU
		{3F6F7C7E-B8CA-4A59-8C1C-326C9ED33966}.Release|Any CPU.ActiveCfg = Release|Any CPU
		{3F6F7C7E-B8CA-4A59-8C1C-326C9ED33966}.Release|Any CPU.Build.0 = Release|Any CPU
		{89F8E5FB-C5A3-4194-BC32-3CDB1C39476F}.Debug|Any CPU.ActiveCfg = Debug|Any CPU
		{89F8E5FB-C5A3-4194-BC32-3CDB1C39476F}.Debug|Any CPU.Build.0 = Debug|Any CPU
		{89F8E5FB-C5A3-4194-BC32-3CDB1C39476F}.Release|Any CPU.ActiveCfg = Release|Any CPU
		{89F8E5FB-C5A3-4194-BC32-3CDB1C39476F}.Release|Any CPU.Build.0 = Release|Any CPU
		{29AFCC3B-876F-4E43-B6BF-6E1F904782A2}.Debug|Any CPU.ActiveCfg = Debug|Any CPU
		{29AFCC3B-876F-4E43-B6BF-6E1F904782A2}.Debug|Any CPU.Build.0 = Debug|Any CPU
		{29AFCC3B-876F-4E43-B6BF-6E1F904782A2}.Release|Any CPU.ActiveCfg = Release|Any CPU
		{29AFCC3B-876F-4E43-B6BF-6E1F904782A2}.Release|Any CPU.Build.0 = Release|Any CPU
		{9E3BA578-223A-4228-80AA-537B953EDE91}.Debug|Any CPU.ActiveCfg = Debug|Any CPU
		{9E3BA578-223A-4228-80AA-537B953EDE91}.Debug|Any CPU.Build.0 = Debug|Any CPU
		{9E3BA578-223A-4228-80AA-537B953EDE91}.Release|Any CPU.ActiveCfg = Release|Any CPU
		{9E3BA578-223A-4228-80AA-537B953EDE91}.Release|Any CPU.Build.0 = Release|Any CPU
		{D5C52DD7-75CF-4367-83EB-DA212695A36D}.Debug|Any CPU.ActiveCfg = Debug|Any CPU
		{D5C52DD7-75CF-4367-83EB-DA212695A36D}.Debug|Any CPU.Build.0 = Debug|Any CPU
		{D5C52DD7-75CF-4367-83EB-DA212695A36D}.Release|Any CPU.ActiveCfg = Release|Any CPU
		{D5C52DD7-75CF-4367-83EB-DA212695A36D}.Release|Any CPU.Build.0 = Release|Any CPU
	EndGlobalSection
	GlobalSection(SolutionProperties) = preSolution
		HideSolutionNode = FALSE
	EndGlobalSection
	GlobalSection(NestedProjects) = preSolution
		{693E7FF6-AD77-46DB-BC56-705CA5B82781} = {E2E20219-283F-4C94-B544-AF8589CA8044}
		{3F6F7C7E-B8CA-4A59-8C1C-326C9ED33966} = {E2E20219-283F-4C94-B544-AF8589CA8044}
		{89F8E5FB-C5A3-4194-BC32-3CDB1C39476F} = {E2E20219-283F-4C94-B544-AF8589CA8044}
		{29AFCC3B-876F-4E43-B6BF-6E1F904782A2} = {E2E20219-283F-4C94-B544-AF8589CA8044}
		{9E3BA578-223A-4228-80AA-537B953EDE91} = {E2E20219-283F-4C94-B544-AF8589CA8044}
		{D5C52DD7-75CF-4367-83EB-DA212695A36D} = {E3E0FD43-CD8B-43BC-9368-A62932BC1058}
	EndGlobalSection
	GlobalSection(ExtensibilityGlobals) = postSolution
		SolutionGuid = {9E1BD103-652E-4A13-9445-5EA36D53CF40}
	EndGlobalSection
EndGlobal
